
Microsoft Visual Studio Solution File, Format Version 12.00
# Visual Studio Version 17
VisualStudioVersion = 17.5.33530.505
MinimumVisualStudioVersion = 10.0.40219.1
Project("{9A19103F-16F7-4668-BE54-9A1E7A4F7556}") = "GitHubIssueClassification", "GitHubIssueClassification\GitHubIssueClassification.csproj", "{1A4D5EF8-5893-4621-9BCE-AE18E64658C9}"
EndProject
Project("{9A19103F-16F7-4668-BE54-9A1E7A4F7556}") = "SentimentAnalysis", "SentimentAnalysis\SentimentAnalysis.csproj", "{CCA6A1B7-BAF2-4514-92C4-D8EC6551E686}"
EndProject
Project("{9A19103F-16F7-4668-BE54-9A1E7A4F7556}") = "TransferLearningTF", "TransferLearningTF\TransferLearningTF.csproj", "{E1C51B2B-26E6-4C9A-97BA-47FAD91AD1BB}"
EndProject
Project("{9A19103F-16F7-4668-BE54-9A1E7A4F7556}") = "PredictPricesUsingRegression", "PredictPricesUsingRegression\PredictPricesUsingRegression.csproj", "{D52FF1BC-B0D0-463A-9310-415CD993B494}"
EndProject
Project("{9A19103F-16F7-4668-BE54-9A1E7A4F7556}") = "IrisFlowerClustering", "IrisFlowerClustering\IrisFlowerClustering.csproj", "{C21D5AD4-6AD9-4C4A-9FCF-2B6DA59F6B6D}"
EndProject
Project("{9A19103F-16F7-4668-BE54-9A1E7A4F7556}") = "MovieRecommender", "MovieRecommender\MovieRecommender.csproj", "{90BFA8A8-BAFD-4701-9D44-41BF8996EB2A}"
EndProject
Project("{FAE04EC0-301F-11D3-BF4B-00C04F79EFBC}") = "DeepLearningImageClassificationBinary", "DeepLearningImageClassificationBinary\DeepLearningImageClassificationBinary.csproj", "{FB9209FB-A792-44EB-9431-681EA671D4FC}"
EndProject
Project("{FAE04EC0-301F-11D3-BF4B-00C04F79EFBC}") = "DeepLearning_ImageClassification_Binary", "DeepLearning_ImageClassification_Binary\DeepLearning_ImageClassification_Binary.csproj", "{CD8BC2F7-85A5-4BDC-B46B-15639CC6B3F6}"
EndProject
Project("{FAE04EC0-301F-11D3-BF4B-00C04F79EFBC}") = "BikeDemandForecasting", "BikeDemandForecasting\BikeDemandForecasting.csproj", "{20CB9D46-9707-4D61-A3A7-0A4F1DE734D6}"
EndProject
Project("{FAE04EC0-301F-11D3-BF4B-00C04F79EFBC}") = "PhoneCallsAnomalyDetection", "PhoneCallsAnomalyDetection\PhoneCallsAnomalyDetection.csproj", "{28EE9531-AFB9-4351-B067-47AAB6269574}"
EndProject
Global
	GlobalSection(SolutionConfigurationPlatforms) = preSolution
		Debug|Any CPU = Debug|Any CPU
		Release|Any CPU = Release|Any CPU
	EndGlobalSection
	GlobalSection(ProjectConfigurationPlatforms) = postSolution
		{1A4D5EF8-5893-4621-9BCE-AE18E64658C9}.Debug|Any CPU.ActiveCfg = Debug|Any CPU
		{1A4D5EF8-5893-4621-9BCE-AE18E64658C9}.Debug|Any CPU.Build.0 = Debug|Any CPU
		{1A4D5EF8-5893-4621-9BCE-AE18E64658C9}.Release|Any CPU.ActiveCfg = Release|Any CPU
		{1A4D5EF8-5893-4621-9BCE-AE18E64658C9}.Release|Any CPU.Build.0 = Release|Any CPU
		{CCA6A1B7-BAF2-4514-92C4-D8EC6551E686}.Debug|Any CPU.ActiveCfg = Debug|Any CPU
		{CCA6A1B7-BAF2-4514-92C4-D8EC6551E686}.Debug|Any CPU.Build.0 = Debug|Any CPU
		{CCA6A1B7-BAF2-4514-92C4-D8EC6551E686}.Release|Any CPU.ActiveCfg = Release|Any CPU
		{CCA6A1B7-BAF2-4514-92C4-D8EC6551E686}.Release|Any CPU.Build.0 = Release|Any CPU
		{E1C51B2B-26E6-4C9A-97BA-47FAD91AD1BB}.Debug|Any CPU.ActiveCfg = Debug|Any CPU
		{E1C51B2B-26E6-4C9A-97BA-47FAD91AD1BB}.Debug|Any CPU.Build.0 = Debug|Any CPU
		{E1C51B2B-26E6-4C9A-97BA-47FAD91AD1BB}.Release|Any CPU.ActiveCfg = Release|Any CPU
		{E1C51B2B-26E6-4C9A-97BA-47FAD91AD1BB}.Release|Any CPU.Build.0 = Release|Any CPU
		{D52FF1BC-B0D0-463A-9310-415CD993B494}.Debug|Any CPU.ActiveCfg = Debug|Any CPU
		{D52FF1BC-B0D0-463A-9310-415CD993B494}.Debug|Any CPU.Build.0 = Debug|Any CPU
		{D52FF1BC-B0D0-463A-9310-415CD993B494}.Release|Any CPU.ActiveCfg = Release|Any CPU
		{D52FF1BC-B0D0-463A-9310-415CD993B494}.Release|Any CPU.Build.0 = Release|Any CPU
		{C21D5AD4-6AD9-4C4A-9FCF-2B6DA59F6B6D}.Debug|Any CPU.ActiveCfg = Debug|Any CPU
		{C21D5AD4-6AD9-4C4A-9FCF-2B6DA59F6B6D}.Debug|Any CPU.Build.0 = Debug|Any CPU
		{C21D5AD4-6AD9-4C4A-9FCF-2B6DA59F6B6D}.Release|Any CPU.ActiveCfg = Release|Any CPU
		{C21D5AD4-6AD9-4C4A-9FCF-2B6DA59F6B6D}.Release|Any CPU.Build.0 = Release|Any CPU
		{90BFA8A8-BAFD-4701-9D44-41BF8996EB2A}.Debug|Any CPU.ActiveCfg = Debug|Any CPU
		{90BFA8A8-BAFD-4701-9D44-41BF8996EB2A}.Debug|Any CPU.Build.0 = Debug|Any CPU
		{90BFA8A8-BAFD-4701-9D44-41BF8996EB2A}.Release|Any CPU.ActiveCfg = Release|Any CPU
		{90BFA8A8-BAFD-4701-9D44-41BF8996EB2A}.Release|Any CPU.Build.0 = Release|Any CPU
		{FB9209FB-A792-44EB-9431-681EA671D4FC}.Debug|Any CPU.ActiveCfg = Debug|Any CPU
		{FB9209FB-A792-44EB-9431-681EA671D4FC}.Debug|Any CPU.Build.0 = Debug|Any CPU
		{FB9209FB-A792-44EB-9431-681EA671D4FC}.Release|Any CPU.ActiveCfg = Release|Any CPU
		{FB9209FB-A792-44EB-9431-681EA671D4FC}.Release|Any CPU.Build.0 = Release|Any CPU
		{CD8BC2F7-85A5-4BDC-B46B-15639CC6B3F6}.Debug|Any CPU.ActiveCfg = Debug|Any CPU
		{CD8BC2F7-85A5-4BDC-B46B-15639CC6B3F6}.Debug|Any CPU.Build.0 = Debug|Any CPU
		{CD8BC2F7-85A5-4BDC-B46B-15639CC6B3F6}.Release|Any CPU.ActiveCfg = Release|Any CPU
		{CD8BC2F7-85A5-4BDC-B46B-15639CC6B3F6}.Release|Any CPU.Build.0 = Release|Any CPU
		{20CB9D46-9707-4D61-A3A7-0A4F1DE734D6}.Debug|Any CPU.ActiveCfg = Debug|Any CPU
		{20CB9D46-9707-4D61-A3A7-0A4F1DE734D6}.Debug|Any CPU.Build.0 = Debug|Any CPU
		{20CB9D46-9707-4D61-A3A7-0A4F1DE734D6}.Release|Any CPU.ActiveCfg = Release|Any CPU
		{20CB9D46-9707-4D61-A3A7-0A4F1DE734D6}.Release|Any CPU.Build.0 = Release|Any CPU
		{28EE9531-AFB9-4351-B067-47AAB6269574}.Debug|Any CPU.ActiveCfg = Debug|Any CPU
		{28EE9531-AFB9-4351-B067-47AAB6269574}.Debug|Any CPU.Build.0 = Debug|Any CPU
		{28EE9531-AFB9-4351-B067-47AAB6269574}.Release|Any CPU.ActiveCfg = Release|Any CPU
		{28EE9531-AFB9-4351-B067-47AAB6269574}.Release|Any CPU.Build.0 = Release|Any CPU
	EndGlobalSection
	GlobalSection(SolutionProperties) = preSolution
		HideSolutionNode = FALSE
	EndGlobalSection
	GlobalSection(ExtensibilityGlobals) = postSolution
		SolutionGuid = {5D780E5D-E2B6-479C-AADD-B2F8CCE0BB5E}
	EndGlobalSection
EndGlobal
